// !$*UTF8*$!
{
	archiveVersion = 1;
	classes = {
	};
	objectVersion = 50;
	objects = {

/* Begin PBXBuildFile section */
		047C8C22254450EA0060F3B7 /* AppDelegate.swift in Sources */ = {isa = PBXBuildFile; fileRef = 047C8C21254450EA0060F3B7 /* AppDelegate.swift */; };
		047C8C24254450EA0060F3B7 /* SceneDelegate.swift in Sources */ = {isa = PBXBuildFile; fileRef = 047C8C23254450EA0060F3B7 /* SceneDelegate.swift */; };
		047C8C26254450EA0060F3B7 /* ViewController.swift in Sources */ = {isa = PBXBuildFile; fileRef = 047C8C25254450EA0060F3B7 /* ViewController.swift */; };
		047C8C29254450EA0060F3B7 /* Main.storyboard in Resources */ = {isa = PBXBuildFile; fileRef = 047C8C27254450EA0060F3B7 /* Main.storyboard */; };
		047C8C2B254450EE0060F3B7 /* Assets.xcassets in Resources */ = {isa = PBXBuildFile; fileRef = 047C8C2A254450EE0060F3B7 /* Assets.xcassets */; };
		047C8C2E254450EE0060F3B7 /* LaunchScreen.storyboard in Resources */ = {isa = PBXBuildFile; fileRef = 047C8C2C254450EE0060F3B7 /* LaunchScreen.storyboard */; };
		04F50E642545402700F2A882 /* WelcomeUserViewController.swift in Sources */ = {isa = PBXBuildFile; fileRef = 04F50E632545402700F2A882 /* WelcomeUserViewController.swift */; };
/* End PBXBuildFile section */

/* Begin PBXFileReference section */
		047C8C1E254450EA0060F3B7 /* PersonalApp.app */ = {isa = PBXFileReference; explicitFileType = wrapper.application; includeInIndex = 0; path = PersonalApp.app; sourceTree = BUILT_PRODUCTS_DIR; };
		047C8C21254450EA0060F3B7 /* AppDelegate.swift */ = {isa = PBXFileReference; lastKnownFileType = sourcecode.swift; path = AppDelegate.swift; sourceTree = "<group>"; };
		047C8C23254450EA0060F3B7 /* SceneDelegate.swift */ = {isa = PBXFileReference; lastKnownFileType = sourcecode.swift; path = SceneDelegate.swift; sourceTree = "<group>"; };
		047C8C25254450EA0060F3B7 /* ViewController.swift */ = {isa = PBXFileReference; lastKnownFileType = sourcecode.swift; path = ViewController.swift; sourceTree = "<group>"; };
		047C8C28254450EA0060F3B7 /* Base */ = {isa = PBXFileReference; lastKnownFileType = file.storyboard; name = Base; path = Base.lproj/Main.storyboard; sourceTree = "<group>"; };
		047C8C2A254450EE0060F3B7 /* Assets.xcassets */ = {isa = PBXFileReference; lastKnownFileType = folder.assetcatalog; path = Assets.xcassets; sourceTree = "<group>"; };
		047C8C2D254450EE0060F3B7 /* Base */ = {isa = PBXFileReference; lastKnownFileType = file.storyboard; name = Base; path = Base.lproj/LaunchScreen.storyboard; sourceTree = "<group>"; };
		047C8C2F254450EE0060F3B7 /* Info.plist */ = {isa = PBXFileReference; lastKnownFileType = text.plist.xml; path = Info.plist; sourceTree = "<group>"; };
		04F50E632545402700F2A882 /* WelcomeUserViewController.swift */ = {isa = PBXFileReference; lastKnownFileType = sourcecode.swift; path = WelcomeUserViewController.swift; sourceTree = "<group>"; };
/* End PBXFileReference section */

/* Begin PBXFrameworksBuildPhase section */
		047C8C1B254450EA0060F3B7 /* Frameworks */ = {
			isa = PBXFrameworksBuildPhase;
			buildActionMask = 2147483647;
			files = (
			);
			runOnlyForDeploymentPostprocessing = 0;
		};
/* End PBXFrameworksBuildPhase section */

/* Begin PBXGroup section */
		047C8C15254450EA0060F3B7 = {
			isa = PBXGroup;
			children = (
				047C8C20254450EA0060F3B7 /* PersonalApp */,
				047C8C1F254450EA0060F3B7 /* Products */,
			);
			sourceTree = "<group>";
		};
		047C8C1F254450EA0060F3B7 /* Products */ = {
			isa = PBXGroup;
			children = (
				047C8C1E254450EA0060F3B7 /* PersonalApp.app */,
			);
			name = Products;
			sourceTree = "<group>";
		};
		047C8C20254450EA0060F3B7 /* PersonalApp */ = {
			isa = PBXGroup;
			children = (
				047C8C39254451B90060F3B7 /* Storyboards */,
				047C8C372544516B0060F3B7 /* View Controllers */,
				047C8C3A254451F90060F3B7 /* Resourses */,
				047C8C3B2544523B0060F3B7 /* Supporting Fils */,
				047C8C2F254450EE0060F3B7 /* Info.plist */,
			);
			path = PersonalApp;
			sourceTree = "<group>";
		};
		047C8C372544516B0060F3B7 /* View Controllers */ = {
			isa = PBXGroup;
			children = (
				047C8C25254450EA0060F3B7 /* ViewController.swift */,
				04F50E632545402700F2A882 /* WelcomeUserViewController.swift */,
			);
			path = "View Controllers";
			sourceTree = "<group>";
		};
		047C8C39254451B90060F3B7 /* Storyboards */ = {
			isa = PBXGroup;
			children = (
				047C8C27254450EA0060F3B7 /* Main.storyboard */,
				047C8C2C254450EE0060F3B7 /* LaunchScreen.storyboard */,
			);
			path = Storyboards;
			sourceTree = "<group>";
		};
		047C8C3A254451F90060F3B7 /* Resourses */ = {
			isa = PBXGroup;
			children = (
				047C8C2A254450EE0060F3B7 /* Assets.xcassets */,
			);
			path = Resourses;
			sourceTree = "<group>";
		};
		047C8C3B2544523B0060F3B7 /* Supporting Fils */ = {
			isa = PBXGroup;
			children = (
				047C8C21254450EA0060F3B7 /* AppDelegate.swift */,
				047C8C23254450EA0060F3B7 /* SceneDelegate.swift */,
			);
			path = "Supporting Fils";
			sourceTree = "<group>";
		};
/* End PBXGroup section */

/* Begin PBXNativeTarget section */
		047C8C1D254450EA0060F3B7 /* PersonalApp */ = {
			isa = PBXNativeTarget;
			buildConfigurationList = 047C8C32254450EE0060F3B7 /* Build configuration list for PBXNativeTarget "PersonalApp" */;
			buildPhases = (
				047C8C1A254450EA0060F3B7 /* Sources */,
				047C8C1B254450EA0060F3B7 /* Frameworks */,
				047C8C1C254450EA0060F3B7 /* Resources */,
			);
			buildRules = (
			);
			dependencies = (
			);
			name = PersonalApp;
			productName = PersonalApp;
			productReference = 047C8C1E254450EA0060F3B7 /* PersonalApp.app */;
			productType = "com.apple.product-type.application";
		};
/* End PBXNativeTarget section */

/* Begin PBXProject section */
		047C8C16254450EA0060F3B7 /* Project object */ = {
			isa = PBXProject;
			attributes = {
				LastSwiftUpdateCheck = 1210;
				LastUpgradeCheck = 1210;
				TargetAttributes = {
					047C8C1D254450EA0060F3B7 = {
						CreatedOnToolsVersion = 12.1;
					};
				};
			};
			buildConfigurationList = 047C8C19254450EA0060F3B7 /* Build configuration list for PBXProject "PersonalApp" */;
			compatibilityVersion = "Xcode 9.3";
			developmentRegion = en;
			hasScannedForEncodings = 0;
			knownRegions = (
				en,
				Base,
			);
			mainGroup = 047C8C15254450EA0060F3B7;
			productRefGroup = 047C8C1F254450EA0060F3B7 /* Products */;
			projectDirPath = "";
			projectRoot = "";
			targets = (
				047C8C1D254450EA0060F3B7 /* PersonalApp */,
			);
		};
/* End PBXProject section */

/* Begin PBXResourcesBuildPhase section */
		047C8C1C254450EA0060F3B7 /* Resources */ = {
			isa = PBXResourcesBuildPhase;
			buildActionMask = 2147483647;
			files = (
				047C8C2E254450EE0060F3B7 /* LaunchScreen.storyboard in Resources */,
				047C8C2B254450EE0060F3B7 /* Assets.xcassets in Resources */,
				047C8C29254450EA0060F3B7 /* Main.storyboard in Resources */,
			);
			runOnlyForDeploymentPostprocessing = 0;
		};
/* End PBXResourcesBuildPhase section */

/* Begin PBXSourcesBuildPhase section */
		047C8C1A254450EA0060F3B7 /* Sources */ = {
			isa = PBXSourcesBuildPhase;
			buildActionMask = 2147483647;
			files = (
				04F50E642545402700F2A882 /* WelcomeUserViewController.swift in Sources */,
				047C8C26254450EA0060F3B7 /* ViewController.swift in Sources */,
				047C8C22254450EA0060F3B7 /* AppDelegate.swift in Sources */,
				047C8C24254450EA0060F3B7 /* SceneDelegate.swift in Sources */,
			);
			runOnlyForDeploymentPostprocessing = 0;
		};
/* End PBXSourcesBuildPhase section */

/* Begin PBXVariantGroup section */
		047C8C27254450EA0060F3B7 /* Main.storyboard */ = {
			isa = PBXVariantGroup;
			children = (
				047C8C28254450EA0060F3B7 /* Base */,
			);
			name = Main.storyboard;
			sourceTree = "<group>";
		};
		047C8C2C254450EE0060F3B7 /* LaunchScreen.storyboard */ = {
			isa = PBXVariantGroup;
			children = (
				047C8C2D254450EE0060F3B7 /* Base */,
			);
			name = LaunchScreen.storyboard;
			sourceTree = "<group>";
		};
/* End PBXVariantGroup section */

/* Begin XCBuildConfiguration section */
		047C8C30254450EE0060F3B7 /* Debug */ = {
			isa = XCBuildConfiguration;
			buildSettings = {
				ALWAYS_SEARCH_USER_PATHS = NO;
				CLANG_ANALYZER_NONNULL = YES;
				CLANG_ANALYZER_NUMBER_OBJECT_CONVERSION = YES_AGGRESSIVE;
				CLANG_CXX_LANGUAGE_STANDARD = "gnu++14";
				CLANG_CXX_LIBRARY = "libc++";
				CLANG_ENABLE_MODULES = YES;
				CLANG_ENABLE_OBJC_ARC = YES;
				CLANG_ENABLE_OBJC_WEAK = YES;
				CLANG_WARN_BLOCK_CAPTURE_AUTORELEASING = YES;
				CLANG_WARN_BOOL_CONVERSION = YES;
				CLANG_WARN_COMMA = YES;
				CLANG_WARN_CONSTANT_CONVERSION = YES;
				CLANG_WARN_DEPRECATED_OBJC_IMPLEMENTATIONS = YES;
				CLANG_WARN_DIRECT_OBJC_ISA_USAGE = YES_ERROR;
				CLANG_WARN_DOCUMENTATION_COMMENTS = YES;
				CLANG_WARN_EMPTY_BODY = YES;
				CLANG_WARN_ENUM_CONVERSION = YES;
				CLANG_WARN_INFINITE_RECURSION = YES;
				CLANG_WARN_INT_CONVERSION = YES;
				CLANG_WARN_NON_LITERAL_NULL_CONVERSION = YES;
				CLANG_WARN_OBJC_IMPLICIT_RETAIN_SELF = YES;
				CLANG_WARN_OBJC_LITERAL_CONVERSION = YES;
				CLANG_WARN_OBJC_ROOT_CLASS = YES_ERROR;
				CLANG_WARN_QUOTED_INCLUDE_IN_FRAMEWORK_HEADER = YES;
				CLANG_WARN_RANGE_LOOP_ANALYSIS = YES;
				CLANG_WARN_STRICT_PROTOTYPES = YES;
				CLANG_WARN_SUSPICIOUS_MOVE = YES;
				CLANG_WARN_UNGUARDED_AVAILABILITY = YES_AGGRESSIVE;
				CLANG_WARN_UNREACHABLE_CODE = YES;
				CLANG_WARN__DUPLICATE_METHOD_MATCH = YES;
				COPY_PHASE_STRIP = NO;
				DEBUG_INFORMATION_FORMAT = dwarf;
				ENABLE_STRICT_OBJC_MSGSEND = YES;
				ENABLE_TESTABILITY = YES;
				GCC_C_LANGUAGE_STANDARD = gnu11;
				GCC_DYNAMIC_NO_PIC = NO;
				GCC_NO_COMMON_BLOCKS = YES;
				GCC_OPTIMIZATION_LEVEL = 0;
				GCC_PREPROCESSOR_DEFINITIONS = (
					"DEBUG=1",
					"$(inherited)",
				);
				GCC_WARN_64_TO_32_BIT_CONVERSION = YES;
				GCC_WARN_ABOUT_RETURN_TYPE = YES_ERROR;
				GCC_WARN_UNDECLARED_SELECTOR = YES;
				GCC_WARN_UNINITIALIZED_AUTOS = YES_AGGRESSIVE;
				GCC_WARN_UNUSED_FUNCTION = YES;
				GCC_WARN_UNUSED_VARIABLE = YES;
				IPHONEOS_DEPLOYMENT_TARGET = 14.1;
				MTL_ENABLE_DEBUG_INFO = INCLUDE_SOURCE;
				MTL_FAST_MATH = YES;
				ONLY_ACTIVE_ARCH = YES;
				SDKROOT = iphoneos;
				SWIFT_ACTIVE_COMPILATION_CONDITIONS = DEBUG;
				SWIFT_OPTIMIZATION_LEVEL = "-Onone";
			};
			name = Debug;
		};
		047C8C31254450EE0060F3B7 /* Release */ = {
			isa = XCBuildConfiguration;
			buildSettings = {
				ALWAYS_SEARCH_USER_PATHS = NO;
				CLANG_ANALYZER_NONNULL = YES;
				CLANG_ANALYZER_NUMBER_OBJECT_CONVERSION = YES_AGGRESSIVE;
				CLANG_CXX_LANGUAGE_STANDARD = "gnu++14";
				CLANG_CXX_LIBRARY = "libc++";
				CLANG_ENABLE_MODULES = YES;
				CLANG_ENABLE_OBJC_ARC = YES;
				CLANG_ENABLE_OBJC_WEAK = YES;
				CLANG_WARN_BLOCK_CAPTURE_AUTORELEASING = YES;
				CLANG_WARN_BOOL_CONVERSION = YES;
				CLANG_WARN_COMMA = YES;
				CLANG_WARN_CONSTANT_CONVERSION = YES;
				CLANG_WARN_DEPRECATED_OBJC_IMPLEMENTATIONS = YES;
				CLANG_WARN_DIRECT_OBJC_ISA_USAGE = YES_ERROR;
				CLANG_WARN_DOCUMENTATION_COMMENTS = YES;
				CLANG_WARN_EMPTY_BODY = YES;
				CLANG_WARN_ENUM_CONVERSION = YES;
				CLANG_WARN_INFINITE_RECURSION = YES;
				CLANG_WARN_INT_CONVERSION = YES;
				CLANG_WARN_NON_LITERAL_NULL_CONVERSION = YES;
				CLANG_WARN_OBJC_IMPLICIT_RETAIN_SELF = YES;
				CLANG_WARN_OBJC_LITERAL_CONVERSION = YES;
				CLANG_WARN_OBJC_ROOT_CLASS = YES_ERROR;
				CLANG_WARN_QUOTED_INCLUDE_IN_FRAMEWORK_HEADER = YES;
				CLANG_WARN_RANGE_LOOP_ANALYSIS = YES;
				CLANG_WARN_STRICT_PROTOTYPES = YES;
				CLANG_WARN_SUSPICIOUS_MOVE = YES;
				CLANG_WARN_UNGUARDED_AVAILABILITY = YES_AGGRESSIVE;
				CLANG_WARN_UNREACHABLE_CODE = YES;
				CLANG_WARN__DUPLICATE_METHOD_MATCH = YES;
				COPY_PHASE_STRIP = NO;
				DEBUG_INFORMATION_FORMAT = "dwarf-with-dsym";
				ENABLE_NS_ASSERTIONS = NO;
				ENABLE_STRICT_OBJC_MSGSEND = YES;
				GCC_C_LANGUAGE_STANDARD = gnu11;
				GCC_NO_COMMON_BLOCKS = YES;
				GCC_WARN_64_TO_32_BIT_CONVERSION = YES;
				GCC_WARN_ABOUT_RETURN_TYPE = YES_ERROR;
				GCC_WARN_UNDECLARED_SELECTOR = YES;
				GCC_WARN_UNINITIALIZED_AUTOS = YES_AGGRESSIVE;
				GCC_WARN_UNUSED_FUNCTION = YES;
				GCC_WARN_UNUSED_VARIABLE = YES;
				IPHONEOS_DEPLOYMENT_TARGET = 14.1;
				MTL_ENABLE_DEBUG_INFO = NO;
				MTL_FAST_MATH = YES;
				SDKROOT = iphoneos;
				SWIFT_COMPILATION_MODE = wholemodule;
				SWIFT_OPTIMIZATION_LEVEL = "-O";
				VALIDATE_PRODUCT = YES;
			};
			name = Release;
		};
		047C8C33254450EE0060F3B7 /* Debug */ = {
			isa = XCBuildConfiguration;
			buildSettings = {
				ASSETCATALOG_COMPILER_APPICON_NAME = AppIcon;
				ASSETCATALOG_COMPILER_GLOBAL_ACCENT_COLOR_NAME = AccentColor;
				CODE_SIGN_STYLE = Automatic;
				CURRENT_PROJECT_VERSION = 1;
				DEVELOPMENT_TEAM = G32U4R37V2;
				INFOPLIST_FILE = PersonalApp/Info.plist;
				LD_RUNPATH_SEARCH_PATHS = (
					"$(inherited)",
					"@executable_path/Frameworks",
				);
				PRODUCT_BUNDLE_IDENTIFIER = MikhailPushkarev.PersonalApp;
				PRODUCT_NAME = "$(TARGET_NAME)";
				SWIFT_VERSION = 5.0;
				TARGETED_DEVICE_FAMILY = 1;
			};
			name = Debug;
		};
		047C8C34254450EE0060F3B7 /* Release */ = {
			isa = XCBuildConfiguration;
			buildSettings = {
				ASSETCATALOG_COMPILER_APPICON_NAME = AppIcon;
				ASSETCATALOG_COMPILER_GLOBAL_ACCENT_COLOR_NAME = AccentColor;
				CODE_SIGN_STYLE = Automatic;
				CURRENT_PROJECT_VERSION = 1;
				DEVELOPMENT_TEAM = G32U4R37V2;
				INFOPLIST_FILE = PersonalApp/Info.plist;
				LD_RUNPATH_SEARCH_PATHS = (
					"$(inherited)",
					"@executable_path/Frameworks",
				);
				PRODUCT_BUNDLE_IDENTIFIER = MikhailPushkarev.PersonalApp;
				PRODUCT_NAME = "$(TARGET_NAME)";
				SWIFT_VERSION = 5.0;
				TARGETED_DEVICE_FAMILY = 1;
			};
			name = Release;
		};
/* End XCBuildConfiguration section */

/* Begin XCConfigurationList section */
		047C8C19254450EA0060F3B7 /* Build configuration list for PBXProject "PersonalApp" */ = {
			isa = XCConfigurationList;
			buildConfigurations = (
				047C8C30254450EE0060F3B7 /* Debug */,
				047C8C31254450EE0060F3B7 /* Release */,
			);
			defaultConfigurationIsVisible = 0;
			defaultConfigurationName = Release;
		};
		047C8C32254450EE0060F3B7 /* Build configuration list for PBXNativeTarget "PersonalApp" */ = {
			isa = XCConfigurationList;
			buildConfigurations = (
				047C8C33254450EE0060F3B7 /* Debug */,
				047C8C34254450EE0060F3B7 /* Release */,
			);
			defaultConfigurationIsVisible = 0;
			defaultConfigurationName = Release;
		};
/* End XCConfigurationList section */
	};
	rootObject = 047C8C16254450EA0060F3B7 /* Project object */;
}
